// !$*UTF8*$!
{
	archiveVersion = 1;
	classes = {
	};
	objectVersion = 50;
	objects = {

/* Begin PBXBuildFile section */
		1CD0CF4A475233102D6C11E7 /* Pods_NaRogax.framework in Frameworks */ = {isa = PBXBuildFile; fileRef = 007FDE4BDA60B612A5AA0C33 /* Pods_NaRogax.framework */; };
		CE0D261F2223104500D50293 /* FullDescription.storyboard in Resources */ = {isa = PBXBuildFile; fileRef = CE0D261E2223104500D50293 /* FullDescription.storyboard */; };
		CE4DD2092236314D007FACC5 /* SelectTableScreen.storyboard in Resources */ = {isa = PBXBuildFile; fileRef = CE4DD2082236314D007FACC5 /* SelectTableScreen.storyboard */; };
		CE4DD20B2236356A007FACC5 /* SelectTableVC.swift in Sources */ = {isa = PBXBuildFile; fileRef = CE4DD20A2236356A007FACC5 /* SelectTableVC.swift */; };
		CE4DD20D223636D8007FACC5 /* TableCell.swift in Sources */ = {isa = PBXBuildFile; fileRef = CE4DD20C223636D8007FACC5 /* TableCell.swift */; };
		CE4DD20F223637CE007FACC5 /* TablesList.swift in Sources */ = {isa = PBXBuildFile; fileRef = CE4DD20E223637CE007FACC5 /* TablesList.swift */; };
		CE8056F922382DC600B92539 /* TablePostData.swift in Sources */ = {isa = PBXBuildFile; fileRef = CE8056F822382DC600B92539 /* TablePostData.swift */; };
		CE8056FB2238622100B92539 /* ReserveResponseData.swift in Sources */ = {isa = PBXBuildFile; fileRef = CE8056FA2238622100B92539 /* ReserveResponseData.swift */; };
		CE8958B12229428D003CE9D1 /* DishTableViewCell.swift in Sources */ = {isa = PBXBuildFile; fileRef = CE8958B02229428D003CE9D1 /* DishTableViewCell.swift */; };
		CE8958B3222942BB003CE9D1 /* ToppingTableViewCell.swift in Sources */ = {isa = PBXBuildFile; fileRef = CE8958B2222942BA003CE9D1 /* ToppingTableViewCell.swift */; };
		CE901946221D904100BA1B47 /* AppDelegate.swift in Sources */ = {isa = PBXBuildFile; fileRef = CE901945221D904100BA1B47 /* AppDelegate.swift */; };
		CE901948221D904100BA1B47 /* ViewController.swift in Sources */ = {isa = PBXBuildFile; fileRef = CE901947221D904100BA1B47 /* ViewController.swift */; };
		CE90194D221D904200BA1B47 /* Assets.xcassets in Resources */ = {isa = PBXBuildFile; fileRef = CE90194C221D904200BA1B47 /* Assets.xcassets */; };
		CE901950221D904200BA1B47 /* LaunchScreen.storyboard in Resources */ = {isa = PBXBuildFile; fileRef = CE90194E221D904200BA1B47 /* LaunchScreen.storyboard */; };
		CE96F255221F3538002EAD2D /* BasicCell.swift in Sources */ = {isa = PBXBuildFile; fileRef = CE96F254221F3538002EAD2D /* BasicCell.swift */; };
		CE96F257221F353D002EAD2D /* ContentVC.swift in Sources */ = {isa = PBXBuildFile; fileRef = CE96F256221F353D002EAD2D /* ContentVC.swift */; };
		CE96F259221F353F002EAD2D /* Extensions.swift in Sources */ = {isa = PBXBuildFile; fileRef = CE96F258221F353F002EAD2D /* Extensions.swift */; };
		CE96F25B221F3541002EAD2D /* MenuTabsView.swift in Sources */ = {isa = PBXBuildFile; fileRef = CE96F25A221F3541002EAD2D /* MenuTabsView.swift */; };
		CE96F25F221F3544002EAD2D /* TabsVC.swift in Sources */ = {isa = PBXBuildFile; fileRef = CE96F25E221F3544002EAD2D /* TabsVC.swift */; };
		CE9D671F22339A39004E5E1D /* RecDishCVC.swift in Sources */ = {isa = PBXBuildFile; fileRef = CE9D671E22339A39004E5E1D /* RecDishCVC.swift */; };
		CEAEE92622200BF7000AF395 /* DisherList.swift in Sources */ = {isa = PBXBuildFile; fileRef = CEAEE92522200BF7000AF395 /* DisherList.swift */; };
		CEAEE928222042EE000AF395 /* DataLoader.swift in Sources */ = {isa = PBXBuildFile; fileRef = CEAEE927222042EE000AF395 /* DataLoader.swift */; };
		CEAFA3E62236CB54001CF1EA /* NoFreeTablesVC.swift in Sources */ = {isa = PBXBuildFile; fileRef = CEAFA3E52236CB54001CF1EA /* NoFreeTablesVC.swift */; };
		CEAFA3E92236D651001CF1EA /* ReserveScreen.storyboard in Resources */ = {isa = PBXBuildFile; fileRef = CEAFA3E82236D651001CF1EA /* ReserveScreen.storyboard */; };
		CEAFA3EB2236D762001CF1EA /* ReserveScreenVC.swift in Sources */ = {isa = PBXBuildFile; fileRef = CEAFA3EA2236D762001CF1EA /* ReserveScreenVC.swift */; };
		CEB4010E2232C90300361332 /* DrinkPriceCell.swift in Sources */ = {isa = PBXBuildFile; fileRef = CEB4010D2232C90300361332 /* DrinkPriceCell.swift */; };
		CEB401102232CB8C00361332 /* DrinkButtonCell.swift in Sources */ = {isa = PBXBuildFile; fileRef = CEB4010F2232CB8C00361332 /* DrinkButtonCell.swift */; };
		CEB401132233117500361332 /* FullDishDescription.storyboard in Resources */ = {isa = PBXBuildFile; fileRef = CEB401122233117500361332 /* FullDishDescription.storyboard */; };
		CEB401152233128800361332 /* FullDishDescriptionVC.swift in Sources */ = {isa = PBXBuildFile; fileRef = CEB401142233128800361332 /* FullDishDescriptionVC.swift */; };
		CED522852228365A0069DBDA /* document.txt in Resources */ = {isa = PBXBuildFile; fileRef = CED522842228365A0069DBDA /* document.txt */; };
		CED7C0782231A3CA009FF75A /* FullDrinksDescription.storyboard in Resources */ = {isa = PBXBuildFile; fileRef = CED7C0772231A3CA009FF75A /* FullDrinksDescription.storyboard */; };
		CED7C07A2231AC95009FF75A /* FullDrinkDescriptionVC.swift in Sources */ = {isa = PBXBuildFile; fileRef = CED7C0792231AC95009FF75A /* FullDrinkDescriptionVC.swift */; };
		CED7C07C2231CC07009FF75A /* DrinkDescCell.swift in Sources */ = {isa = PBXBuildFile; fileRef = CED7C07B2231CC07009FF75A /* DrinkDescCell.swift */; };
		CEE215F8222D1147000899EF /* Reachability.swift in Sources */ = {isa = PBXBuildFile; fileRef = CEE215F7222D1147000899EF /* Reachability.swift */; };
		CEF5B8F122249DAF00DE4E06 /* BorderedLabel.swift in Sources */ = {isa = PBXBuildFile; fileRef = CEF5B8F022249DAF00DE4E06 /* BorderedLabel.swift */; };
		CEF5B8F62224B13200DE4E06 /* FullDescriptionVC.swift in Sources */ = {isa = PBXBuildFile; fileRef = CEF5B8F52224B13200DE4E06 /* FullDescriptionVC.swift */; };
		CEF692E12226BC0C000F3307 /* FullDescCViCell.swift in Sources */ = {isa = PBXBuildFile; fileRef = CEF692E02226BC0C000F3307 /* FullDescCViCell.swift */; };
		CEF692E622274ACA000F3307 /* Main.storyboard in Resources */ = {isa = PBXBuildFile; fileRef = CEF692E422274AC9000F3307 /* Main.storyboard */; };
		CEF87B1B2232492400E2AB28 /* GradientView.swift in Sources */ = {isa = PBXBuildFile; fileRef = CEF87B1A2232492400E2AB28 /* GradientView.swift */; };
/* End PBXBuildFile section */

/* Begin PBXFileReference section */
		007FDE4BDA60B612A5AA0C33 /* Pods_NaRogax.framework */ = {isa = PBXFileReference; explicitFileType = wrapper.framework; includeInIndex = 0; path = Pods_NaRogax.framework; sourceTree = BUILT_PRODUCTS_DIR; };
		4B6D14CE70134C70BB02215F /* Pods-NaRogax.release.xcconfig */ = {isa = PBXFileReference; includeInIndex = 1; lastKnownFileType = text.xcconfig; name = "Pods-NaRogax.release.xcconfig"; path = "Target Support Files/Pods-NaRogax/Pods-NaRogax.release.xcconfig"; sourceTree = "<group>"; };
		CE0D261E2223104500D50293 /* FullDescription.storyboard */ = {isa = PBXFileReference; lastKnownFileType = file.storyboard; path = FullDescription.storyboard; sourceTree = "<group>"; };
		CE4DD2082236314D007FACC5 /* SelectTableScreen.storyboard */ = {isa = PBXFileReference; lastKnownFileType = file.storyboard; path = SelectTableScreen.storyboard; sourceTree = "<group>"; };
		CE4DD20A2236356A007FACC5 /* SelectTableVC.swift */ = {isa = PBXFileReference; lastKnownFileType = sourcecode.swift; path = SelectTableVC.swift; sourceTree = "<group>"; };
		CE4DD20C223636D8007FACC5 /* TableCell.swift */ = {isa = PBXFileReference; lastKnownFileType = sourcecode.swift; path = TableCell.swift; sourceTree = "<group>"; };
		CE4DD20E223637CE007FACC5 /* TablesList.swift */ = {isa = PBXFileReference; lastKnownFileType = sourcecode.swift; path = TablesList.swift; sourceTree = "<group>"; };
		CE8056F822382DC600B92539 /* TablePostData.swift */ = {isa = PBXFileReference; lastKnownFileType = sourcecode.swift; path = TablePostData.swift; sourceTree = "<group>"; };
		CE8056FA2238622100B92539 /* ReserveResponseData.swift */ = {isa = PBXFileReference; lastKnownFileType = sourcecode.swift; path = ReserveResponseData.swift; sourceTree = "<group>"; };
		CE8958B02229428D003CE9D1 /* DishTableViewCell.swift */ = {isa = PBXFileReference; lastKnownFileType = sourcecode.swift; path = DishTableViewCell.swift; sourceTree = "<group>"; };
		CE8958B2222942BA003CE9D1 /* ToppingTableViewCell.swift */ = {isa = PBXFileReference; lastKnownFileType = sourcecode.swift; path = ToppingTableViewCell.swift; sourceTree = "<group>"; };
		CE901942221D904100BA1B47 /* NaRogax.app */ = {isa = PBXFileReference; explicitFileType = wrapper.application; includeInIndex = 0; path = NaRogax.app; sourceTree = BUILT_PRODUCTS_DIR; };
		CE901945221D904100BA1B47 /* AppDelegate.swift */ = {isa = PBXFileReference; lastKnownFileType = sourcecode.swift; path = AppDelegate.swift; sourceTree = "<group>"; };
		CE901947221D904100BA1B47 /* ViewController.swift */ = {isa = PBXFileReference; lastKnownFileType = sourcecode.swift; path = ViewController.swift; sourceTree = "<group>"; tabWidth = 5; };
		CE90194C221D904200BA1B47 /* Assets.xcassets */ = {isa = PBXFileReference; lastKnownFileType = folder.assetcatalog; path = Assets.xcassets; sourceTree = "<group>"; };
		CE90194F221D904200BA1B47 /* Base */ = {isa = PBXFileReference; lastKnownFileType = file.storyboard; name = Base; path = Base.lproj/LaunchScreen.storyboard; sourceTree = "<group>"; };
		CE901951221D904200BA1B47 /* Info.plist */ = {isa = PBXFileReference; lastKnownFileType = text.plist.xml; path = Info.plist; sourceTree = "<group>"; };
		CE96F254221F3538002EAD2D /* BasicCell.swift */ = {isa = PBXFileReference; lastKnownFileType = sourcecode.swift; path = BasicCell.swift; sourceTree = "<group>"; };
		CE96F256221F353D002EAD2D /* ContentVC.swift */ = {isa = PBXFileReference; lastKnownFileType = sourcecode.swift; path = ContentVC.swift; sourceTree = "<group>"; };
		CE96F258221F353F002EAD2D /* Extensions.swift */ = {isa = PBXFileReference; lastKnownFileType = sourcecode.swift; path = Extensions.swift; sourceTree = "<group>"; };
		CE96F25A221F3541002EAD2D /* MenuTabsView.swift */ = {isa = PBXFileReference; lastKnownFileType = sourcecode.swift; path = MenuTabsView.swift; sourceTree = "<group>"; };
		CE96F25E221F3544002EAD2D /* TabsVC.swift */ = {isa = PBXFileReference; lastKnownFileType = sourcecode.swift; path = TabsVC.swift; sourceTree = "<group>"; };
		CE9D671E22339A39004E5E1D /* RecDishCVC.swift */ = {isa = PBXFileReference; lastKnownFileType = sourcecode.swift; path = RecDishCVC.swift; sourceTree = "<group>"; };
		CEAEE92522200BF7000AF395 /* DisherList.swift */ = {isa = PBXFileReference; lastKnownFileType = sourcecode.swift; path = DisherList.swift; sourceTree = "<group>"; };
		CEAEE927222042EE000AF395 /* DataLoader.swift */ = {isa = PBXFileReference; lastKnownFileType = sourcecode.swift; path = DataLoader.swift; sourceTree = "<group>"; };
		CEAFA3E52236CB54001CF1EA /* NoFreeTablesVC.swift */ = {isa = PBXFileReference; lastKnownFileType = sourcecode.swift; path = NoFreeTablesVC.swift; sourceTree = "<group>"; };
		CEAFA3E82236D651001CF1EA /* ReserveScreen.storyboard */ = {isa = PBXFileReference; lastKnownFileType = file.storyboard; path = ReserveScreen.storyboard; sourceTree = "<group>"; };
		CEAFA3EA2236D762001CF1EA /* ReserveScreenVC.swift */ = {isa = PBXFileReference; lastKnownFileType = sourcecode.swift; path = ReserveScreenVC.swift; sourceTree = "<group>"; };
		CEB4010D2232C90300361332 /* DrinkPriceCell.swift */ = {isa = PBXFileReference; lastKnownFileType = sourcecode.swift; path = DrinkPriceCell.swift; sourceTree = "<group>"; };
		CEB4010F2232CB8C00361332 /* DrinkButtonCell.swift */ = {isa = PBXFileReference; lastKnownFileType = sourcecode.swift; path = DrinkButtonCell.swift; sourceTree = "<group>"; };
		CEB401122233117500361332 /* FullDishDescription.storyboard */ = {isa = PBXFileReference; lastKnownFileType = file.storyboard; path = FullDishDescription.storyboard; sourceTree = "<group>"; };
		CEB401142233128800361332 /* FullDishDescriptionVC.swift */ = {isa = PBXFileReference; lastKnownFileType = sourcecode.swift; path = FullDishDescriptionVC.swift; sourceTree = "<group>"; };
		CED522842228365A0069DBDA /* document.txt */ = {isa = PBXFileReference; fileEncoding = 4; lastKnownFileType = text; path = document.txt; sourceTree = SOURCE_ROOT; };
		CED7C0772231A3CA009FF75A /* FullDrinksDescription.storyboard */ = {isa = PBXFileReference; lastKnownFileType = file.storyboard; path = FullDrinksDescription.storyboard; sourceTree = "<group>"; };
		CED7C0792231AC95009FF75A /* FullDrinkDescriptionVC.swift */ = {isa = PBXFileReference; lastKnownFileType = sourcecode.swift; path = FullDrinkDescriptionVC.swift; sourceTree = "<group>"; };
		CED7C07B2231CC07009FF75A /* DrinkDescCell.swift */ = {isa = PBXFileReference; lastKnownFileType = sourcecode.swift; path = DrinkDescCell.swift; sourceTree = "<group>"; };
		CEE215F7222D1147000899EF /* Reachability.swift */ = {isa = PBXFileReference; lastKnownFileType = sourcecode.swift; path = Reachability.swift; sourceTree = "<group>"; };
		CEF5B8F022249DAF00DE4E06 /* BorderedLabel.swift */ = {isa = PBXFileReference; lastKnownFileType = sourcecode.swift; path = BorderedLabel.swift; sourceTree = "<group>"; };
		CEF5B8F52224B13200DE4E06 /* FullDescriptionVC.swift */ = {isa = PBXFileReference; lastKnownFileType = sourcecode.swift; path = FullDescriptionVC.swift; sourceTree = "<group>"; };
		CEF692E02226BC0C000F3307 /* FullDescCViCell.swift */ = {isa = PBXFileReference; lastKnownFileType = sourcecode.swift; path = FullDescCViCell.swift; sourceTree = "<group>"; };
		CEF692E522274AC9000F3307 /* Base */ = {isa = PBXFileReference; lastKnownFileType = file.storyboard; name = Base; path = Base.lproj/Main.storyboard; sourceTree = "<group>"; };
		CEF87B1A2232492400E2AB28 /* GradientView.swift */ = {isa = PBXFileReference; lastKnownFileType = sourcecode.swift; path = GradientView.swift; sourceTree = "<group>"; };
		DC4E8E9A19A710987DB9142E /* Pods-NaRogax.debug.xcconfig */ = {isa = PBXFileReference; includeInIndex = 1; lastKnownFileType = text.xcconfig; name = "Pods-NaRogax.debug.xcconfig"; path = "Target Support Files/Pods-NaRogax/Pods-NaRogax.debug.xcconfig"; sourceTree = "<group>"; };
/* End PBXFileReference section */

/* Begin PBXFrameworksBuildPhase section */
		CE90193F221D904100BA1B47 /* Frameworks */ = {
			isa = PBXFrameworksBuildPhase;
			buildActionMask = 2147483647;
			files = (
				1CD0CF4A475233102D6C11E7 /* Pods_NaRogax.framework in Frameworks */,
			);
			runOnlyForDeploymentPostprocessing = 0;
		};
/* End PBXFrameworksBuildPhase section */

/* Begin PBXGroup section */
		6B7AB9BE73D7102C555DB08E /* Frameworks */ = {
			isa = PBXGroup;
			children = (
				007FDE4BDA60B612A5AA0C33 /* Pods_NaRogax.framework */,
			);
			name = Frameworks;
			sourceTree = "<group>";
		};
		8A9E90FFA323C3BFCBCC4EC5 /* Pods */ = {
			isa = PBXGroup;
			children = (
				DC4E8E9A19A710987DB9142E /* Pods-NaRogax.debug.xcconfig */,
				4B6D14CE70134C70BB02215F /* Pods-NaRogax.release.xcconfig */,
			);
			path = Pods;
			sourceTree = "<group>";
		};
		CE4DD20722363113007FACC5 /* SelectTable */ = {
			isa = PBXGroup;
			children = (
				CE4DD2082236314D007FACC5 /* SelectTableScreen.storyboard */,
				CE4DD20A2236356A007FACC5 /* SelectTableVC.swift */,
				CE4DD20C223636D8007FACC5 /* TableCell.swift */,
				CE4DD20E223637CE007FACC5 /* TablesList.swift */,
				CEAFA3E52236CB54001CF1EA /* NoFreeTablesVC.swift */,
				CE8056F822382DC600B92539 /* TablePostData.swift */,
			);
			path = SelectTable;
			sourceTree = "<group>";
		};
		CE901939221D904100BA1B47 = {
			isa = PBXGroup;
			children = (
				CE901944221D904100BA1B47 /* NaRogax */,
				CE901943221D904100BA1B47 /* Products */,
				8A9E90FFA323C3BFCBCC4EC5 /* Pods */,
				6B7AB9BE73D7102C555DB08E /* Frameworks */,
			);
			sourceTree = "<group>";
		};
		CE901943221D904100BA1B47 /* Products */ = {
			isa = PBXGroup;
			children = (
				CE901942221D904100BA1B47 /* NaRogax.app */,
			);
			name = Products;
			sourceTree = "<group>";
		};
		CE901944221D904100BA1B47 /* NaRogax */ = {
			isa = PBXGroup;
			children = (
				CEAFA3E72236D5B9001CF1EA /* ReserveScreen */,
				CE4DD20722363113007FACC5 /* SelectTable */,
				CEB4011122330ECF00361332 /* FullDishDescription */,
				CED7C0762231A322009FF75A /* FullDrinksDescription */,
				CEE215F7222D1147000899EF /* Reachability.swift */,
				CEF5B8F22224A31000DE4E06 /* FullDescription */,
				CE901945221D904100BA1B47 /* AppDelegate.swift */,
				CE901947221D904100BA1B47 /* ViewController.swift */,
				CEAEE927222042EE000AF395 /* DataLoader.swift */,
				CED522842228365A0069DBDA /* document.txt */,
				CEAEE92522200BF7000AF395 /* DisherList.swift */,
				CE8958B02229428D003CE9D1 /* DishTableViewCell.swift */,
				CEF692E422274AC9000F3307 /* Main.storyboard */,
				CEF87B1A2232492400E2AB28 /* GradientView.swift */,
				CE8958B2222942BA003CE9D1 /* ToppingTableViewCell.swift */,
				CE90194C221D904200BA1B47 /* Assets.xcassets */,
				CE90194E221D904200BA1B47 /* LaunchScreen.storyboard */,
				CE901951221D904200BA1B47 /* Info.plist */,
				CEF5B8F022249DAF00DE4E06 /* BorderedLabel.swift */,
				CE96F260221F3552002EAD2D /* Menu Tabs View */,
			);
			path = NaRogax;
			sourceTree = "<group>";
		};
		CE96F260221F3552002EAD2D /* Menu Tabs View */ = {
			isa = PBXGroup;
			children = (
				CE96F254221F3538002EAD2D /* BasicCell.swift */,
				CE96F256221F353D002EAD2D /* ContentVC.swift */,
				CE96F258221F353F002EAD2D /* Extensions.swift */,
				CE96F25A221F3541002EAD2D /* MenuTabsView.swift */,
				CE96F25E221F3544002EAD2D /* TabsVC.swift */,
			);
			path = "Menu Tabs View";
			sourceTree = "<group>";
		};
		CEAFA3E72236D5B9001CF1EA /* ReserveScreen */ = {
			isa = PBXGroup;
			children = (
				CEAFA3E82236D651001CF1EA /* ReserveScreen.storyboard */,
				CEAFA3EA2236D762001CF1EA /* ReserveScreenVC.swift */,
				CE8056FA2238622100B92539 /* ReserveResponseData.swift */,
			);
			path = ReserveScreen;
			sourceTree = "<group>";
		};
		CEB4011122330ECF00361332 /* FullDishDescription */ = {
			isa = PBXGroup;
			children = (
				CEB401122233117500361332 /* FullDishDescription.storyboard */,
				CEB401142233128800361332 /* FullDishDescriptionVC.swift */,
				CE9D671E22339A39004E5E1D /* RecDishCVC.swift */,
			);
			path = FullDishDescription;
			sourceTree = "<group>";
		};
		CED7C0762231A322009FF75A /* FullDrinksDescription */ = {
			isa = PBXGroup;
			children = (
				CED7C0772231A3CA009FF75A /* FullDrinksDescription.storyboard */,
				CED7C0792231AC95009FF75A /* FullDrinkDescriptionVC.swift */,
				CED7C07B2231CC07009FF75A /* DrinkDescCell.swift */,
				CEB4010D2232C90300361332 /* DrinkPriceCell.swift */,
				CEB4010F2232CB8C00361332 /* DrinkButtonCell.swift */,
			);
			path = FullDrinksDescription;
			sourceTree = "<group>";
		};
		CEF5B8F22224A31000DE4E06 /* FullDescription */ = {
			isa = PBXGroup;
			children = (
				CE0D261E2223104500D50293 /* FullDescription.storyboard */,
				CEF692E02226BC0C000F3307 /* FullDescCViCell.swift */,
				CEF5B8F52224B13200DE4E06 /* FullDescriptionVC.swift */,
			);
			path = FullDescription;
			sourceTree = "<group>";
		};
/* End PBXGroup section */

/* Begin PBXNativeTarget section */
		CE901941221D904100BA1B47 /* NaRogax */ = {
			isa = PBXNativeTarget;
			buildConfigurationList = CE901954221D904200BA1B47 /* Build configuration list for PBXNativeTarget "NaRogax" */;
			buildPhases = (
				C5A5E1537C8594F0BF2F403F /* [CP] Check Pods Manifest.lock */,
				CE90193E221D904100BA1B47 /* Sources */,
				CE90193F221D904100BA1B47 /* Frameworks */,
				CE901940221D904100BA1B47 /* Resources */,
				2CE4D75F6FD7D2FEF863FFEE /* [CP] Embed Pods Frameworks */,
			);
			buildRules = (
			);
			dependencies = (
			);
			name = NaRogax;
			productName = NaRogax;
			productReference = CE901942221D904100BA1B47 /* NaRogax.app */;
			productType = "com.apple.product-type.application";
		};
/* End PBXNativeTarget section */

/* Begin PBXProject section */
		CE90193A221D904100BA1B47 /* Project object */ = {
			isa = PBXProject;
			attributes = {
				LastSwiftUpdateCheck = 1010;
				LastUpgradeCheck = 1010;
				ORGANIZATIONNAME = Zappa;
				TargetAttributes = {
					CE901941221D904100BA1B47 = {
						CreatedOnToolsVersion = 10.1;
					};
				};
			};
			buildConfigurationList = CE90193D221D904100BA1B47 /* Build configuration list for PBXProject "NaRogax" */;
			compatibilityVersion = "Xcode 9.3";
			developmentRegion = en;
			hasScannedForEncodings = 0;
			knownRegions = (
				en,
				Base,
			);
			mainGroup = CE901939221D904100BA1B47;
			productRefGroup = CE901943221D904100BA1B47 /* Products */;
			projectDirPath = "";
			projectRoot = "";
			targets = (
				CE901941221D904100BA1B47 /* NaRogax */,
			);
		};
/* End PBXProject section */

/* Begin PBXResourcesBuildPhase section */
		CE901940221D904100BA1B47 /* Resources */ = {
			isa = PBXResourcesBuildPhase;
			buildActionMask = 2147483647;
			files = (
				CE0D261F2223104500D50293 /* FullDescription.storyboard in Resources */,
				CEF692E622274ACA000F3307 /* Main.storyboard in Resources */,
				CEAFA3E92236D651001CF1EA /* ReserveScreen.storyboard in Resources */,
				CE901950221D904200BA1B47 /* LaunchScreen.storyboard in Resources */,
				CE4DD2092236314D007FACC5 /* SelectTableScreen.storyboard in Resources */,
				CED522852228365A0069DBDA /* document.txt in Resources */,
				CED7C0782231A3CA009FF75A /* FullDrinksDescription.storyboard in Resources */,
				CEB401132233117500361332 /* FullDishDescription.storyboard in Resources */,
				CE90194D221D904200BA1B47 /* Assets.xcassets in Resources */,
			);
			runOnlyForDeploymentPostprocessing = 0;
		};
/* End PBXResourcesBuildPhase section */

/* Begin PBXShellScriptBuildPhase section */
		2CE4D75F6FD7D2FEF863FFEE /* [CP] Embed Pods Frameworks */ = {
			isa = PBXShellScriptBuildPhase;
			buildActionMask = 2147483647;
			files = (
			);
			inputFileListPaths = (
			);
			inputPaths = (
				"${PODS_ROOT}/Target Support Files/Pods-NaRogax/Pods-NaRogax-frameworks.sh",
				"${BUILT_PRODUCTS_DIR}/Kingfisher/Kingfisher.framework",
			);
			name = "[CP] Embed Pods Frameworks";
			outputFileListPaths = (
			);
			outputPaths = (
				"${TARGET_BUILD_DIR}/${FRAMEWORKS_FOLDER_PATH}/Kingfisher.framework",
			);
			runOnlyForDeploymentPostprocessing = 0;
			shellPath = /bin/sh;
			shellScript = "\"${PODS_ROOT}/Target Support Files/Pods-NaRogax/Pods-NaRogax-frameworks.sh\"\n";
			showEnvVarsInLog = 0;
		};
		C5A5E1537C8594F0BF2F403F /* [CP] Check Pods Manifest.lock */ = {
			isa = PBXShellScriptBuildPhase;
			buildActionMask = 2147483647;
			files = (
			);
			inputFileListPaths = (
			);
			inputPaths = (
				"${PODS_PODFILE_DIR_PATH}/Podfile.lock",
				"${PODS_ROOT}/Manifest.lock",
			);
			name = "[CP] Check Pods Manifest.lock";
			outputFileListPaths = (
			);
			outputPaths = (
				"$(DERIVED_FILE_DIR)/Pods-NaRogax-checkManifestLockResult.txt",
			);
			runOnlyForDeploymentPostprocessing = 0;
			shellPath = /bin/sh;
			shellScript = "diff \"${PODS_PODFILE_DIR_PATH}/Podfile.lock\" \"${PODS_ROOT}/Manifest.lock\" > /dev/null\nif [ $? != 0 ] ; then\n    # print error to STDERR\n    echo \"error: The sandbox is not in sync with the Podfile.lock. Run 'pod install' or update your CocoaPods installation.\" >&2\n    exit 1\nfi\n# This output is used by Xcode 'outputs' to avoid re-running this script phase.\necho \"SUCCESS\" > \"${SCRIPT_OUTPUT_FILE_0}\"\n";
			showEnvVarsInLog = 0;
		};
/* End PBXShellScriptBuildPhase section */

/* Begin PBXSourcesBuildPhase section */
		CE90193E221D904100BA1B47 /* Sources */ = {
			isa = PBXSourcesBuildPhase;
			buildActionMask = 2147483647;
			files = (
				CE96F255221F3538002EAD2D /* BasicCell.swift in Sources */,
				CE96F259221F353F002EAD2D /* Extensions.swift in Sources */,
				CE4DD20B2236356A007FACC5 /* SelectTableVC.swift in Sources */,
				CEF5B8F122249DAF00DE4E06 /* BorderedLabel.swift in Sources */,
				CE96F25B221F3541002EAD2D /* MenuTabsView.swift in Sources */,
				CEF5B8F62224B13200DE4E06 /* FullDescriptionVC.swift in Sources */,
				CE96F257221F353D002EAD2D /* ContentVC.swift in Sources */,
				CEB401152233128800361332 /* FullDishDescriptionVC.swift in Sources */,
				CEAFA3EB2236D762001CF1EA /* ReserveScreenVC.swift in Sources */,
				CEB401102232CB8C00361332 /* DrinkButtonCell.swift in Sources */,
				CEF87B1B2232492400E2AB28 /* GradientView.swift in Sources */,
				CE901948221D904100BA1B47 /* ViewController.swift in Sources */,
				CE4DD20F223637CE007FACC5 /* TablesList.swift in Sources */,
				CED7C07C2231CC07009FF75A /* DrinkDescCell.swift in Sources */,
				CEF692E12226BC0C000F3307 /* FullDescCViCell.swift in Sources */,
				CEE215F8222D1147000899EF /* Reachability.swift in Sources */,
				CE8958B3222942BB003CE9D1 /* ToppingTableViewCell.swift in Sources */,
				CEAEE928222042EE000AF395 /* DataLoader.swift in Sources */,
				CE8056FB2238622100B92539 /* ReserveResponseData.swift in Sources */,
				CE901946221D904100BA1B47 /* AppDelegate.swift in Sources */,
				CE8958B12229428D003CE9D1 /* DishTableViewCell.swift in Sources */,
				CE4DD20D223636D8007FACC5 /* TableCell.swift in Sources */,
				CEAFA3E62236CB54001CF1EA /* NoFreeTablesVC.swift in Sources */,
				CE8056F922382DC600B92539 /* TablePostData.swift in Sources */,
				CEB4010E2232C90300361332 /* DrinkPriceCell.swift in Sources */,
				CEAEE92622200BF7000AF395 /* DisherList.swift in Sources */,
				CE9D671F22339A39004E5E1D /* RecDishCVC.swift in Sources */,
				CE96F25F221F3544002EAD2D /* TabsVC.swift in Sources */,
				CED7C07A2231AC95009FF75A /* FullDrinkDescriptionVC.swift in Sources */,
			);
			runOnlyForDeploymentPostprocessing = 0;
		};
/* End PBXSourcesBuildPhase section */

/* Begin PBXVariantGroup section */
		CE90194E221D904200BA1B47 /* LaunchScreen.storyboard */ = {
			isa = PBXVariantGroup;
			children = (
				CE90194F221D904200BA1B47 /* Base */,
			);
			name = LaunchScreen.storyboard;
			sourceTree = "<group>";
		};
		CEF692E422274AC9000F3307 /* Main.storyboard */ = {
			isa = PBXVariantGroup;
			children = (
				CEF692E522274AC9000F3307 /* Base */,
			);
			name = Main.storyboard;
			sourceTree = "<group>";
		};
/* End PBXVariantGroup section */

/* Begin XCBuildConfiguration section */
		CE901952221D904200BA1B47 /* Debug */ = {
			isa = XCBuildConfiguration;
			buildSettings = {
				ALWAYS_SEARCH_USER_PATHS = NO;
				CLANG_ANALYZER_NONNULL = YES;
				CLANG_ANALYZER_NUMBER_OBJECT_CONVERSION = YES_AGGRESSIVE;
				CLANG_CXX_LANGUAGE_STANDARD = "gnu++14";
				CLANG_CXX_LIBRARY = "libc++";
				CLANG_ENABLE_MODULES = YES;
				CLANG_ENABLE_OBJC_ARC = YES;
				CLANG_ENABLE_OBJC_WEAK = YES;
				CLANG_WARN_BLOCK_CAPTURE_AUTORELEASING = YES;
				CLANG_WARN_BOOL_CONVERSION = YES;
				CLANG_WARN_COMMA = YES;
				CLANG_WARN_CONSTANT_CONVERSION = YES;
				CLANG_WARN_DEPRECATED_OBJC_IMPLEMENTATIONS = YES;
				CLANG_WARN_DIRECT_OBJC_ISA_USAGE = YES_ERROR;
				CLANG_WARN_DOCUMENTATION_COMMENTS = YES;
				CLANG_WARN_EMPTY_BODY = YES;
				CLANG_WARN_ENUM_CONVERSION = YES;
				CLANG_WARN_INFINITE_RECURSION = YES;
				CLANG_WARN_INT_CONVERSION = YES;
				CLANG_WARN_NON_LITERAL_NULL_CONVERSION = YES;
				CLANG_WARN_OBJC_IMPLICIT_RETAIN_SELF = YES;
				CLANG_WARN_OBJC_LITERAL_CONVERSION = YES;
				CLANG_WARN_OBJC_ROOT_CLASS = YES_ERROR;
				CLANG_WARN_RANGE_LOOP_ANALYSIS = YES;
				CLANG_WARN_STRICT_PROTOTYPES = YES;
				CLANG_WARN_SUSPICIOUS_MOVE = YES;
				CLANG_WARN_UNGUARDED_AVAILABILITY = YES_AGGRESSIVE;
				CLANG_WARN_UNREACHABLE_CODE = YES;
				CLANG_WARN__DUPLICATE_METHOD_MATCH = YES;
				CODE_SIGN_IDENTITY = "iPhone Developer";
				COPY_PHASE_STRIP = NO;
				DEBUG_INFORMATION_FORMAT = dwarf;
				ENABLE_STRICT_OBJC_MSGSEND = YES;
				ENABLE_TESTABILITY = YES;
				GCC_C_LANGUAGE_STANDARD = gnu11;
				GCC_DYNAMIC_NO_PIC = NO;
				GCC_NO_COMMON_BLOCKS = YES;
				GCC_OPTIMIZATION_LEVEL = 0;
				GCC_PREPROCESSOR_DEFINITIONS = (
					"DEBUG=1",
					"$(inherited)",
				);
				GCC_WARN_64_TO_32_BIT_CONVERSION = YES;
				GCC_WARN_ABOUT_RETURN_TYPE = YES_ERROR;
				GCC_WARN_UNDECLARED_SELECTOR = YES;
				GCC_WARN_UNINITIALIZED_AUTOS = YES_AGGRESSIVE;
				GCC_WARN_UNUSED_FUNCTION = YES;
				GCC_WARN_UNUSED_VARIABLE = YES;
				IPHONEOS_DEPLOYMENT_TARGET = 12.1;
				MTL_ENABLE_DEBUG_INFO = INCLUDE_SOURCE;
				MTL_FAST_MATH = YES;
				ONLY_ACTIVE_ARCH = YES;
				SDKROOT = iphoneos;
				SWIFT_ACTIVE_COMPILATION_CONDITIONS = DEBUG;
				SWIFT_OPTIMIZATION_LEVEL = "-Onone";
			};
			name = Debug;
		};
		CE901953221D904200BA1B47 /* Release */ = {
			isa = XCBuildConfiguration;
			buildSettings = {
				ALWAYS_SEARCH_USER_PATHS = NO;
				CLANG_ANALYZER_NONNULL = YES;
				CLANG_ANALYZER_NUMBER_OBJECT_CONVERSION = YES_AGGRESSIVE;
				CLANG_CXX_LANGUAGE_STANDARD = "gnu++14";
				CLANG_CXX_LIBRARY = "libc++";
				CLANG_ENABLE_MODULES = YES;
				CLANG_ENABLE_OBJC_ARC = YES;
				CLANG_ENABLE_OBJC_WEAK = YES;
				CLANG_WARN_BLOCK_CAPTURE_AUTORELEASING = YES;
				CLANG_WARN_BOOL_CONVERSION = YES;
				CLANG_WARN_COMMA = YES;
				CLANG_WARN_CONSTANT_CONVERSION = YES;
				CLANG_WARN_DEPRECATED_OBJC_IMPLEMENTATIONS = YES;
				CLANG_WARN_DIRECT_OBJC_ISA_USAGE = YES_ERROR;
				CLANG_WARN_DOCUMENTATION_COMMENTS = YES;
				CLANG_WARN_EMPTY_BODY = YES;
				CLANG_WARN_ENUM_CONVERSION = YES;
				CLANG_WARN_INFINITE_RECURSION = YES;
				CLANG_WARN_INT_CONVERSION = YES;
				CLANG_WARN_NON_LITERAL_NULL_CONVERSION = YES;
				CLANG_WARN_OBJC_IMPLICIT_RETAIN_SELF = YES;
				CLANG_WARN_OBJC_LITERAL_CONVERSION = YES;
				CLANG_WARN_OBJC_ROOT_CLASS = YES_ERROR;
				CLANG_WARN_RANGE_LOOP_ANALYSIS = YES;
				CLANG_WARN_STRICT_PROTOTYPES = YES;
				CLANG_WARN_SUSPICIOUS_MOVE = YES;
				CLANG_WARN_UNGUARDED_AVAILABILITY = YES_AGGRESSIVE;
				CLANG_WARN_UNREACHABLE_CODE = YES;
				CLANG_WARN__DUPLICATE_METHOD_MATCH = YES;
				CODE_SIGN_IDENTITY = "iPhone Developer";
				COPY_PHASE_STRIP = NO;
				DEBUG_INFORMATION_FORMAT = "dwarf-with-dsym";
				ENABLE_NS_ASSERTIONS = NO;
				ENABLE_STRICT_OBJC_MSGSEND = YES;
				GCC_C_LANGUAGE_STANDARD = gnu11;
				GCC_NO_COMMON_BLOCKS = YES;
				GCC_WARN_64_TO_32_BIT_CONVERSION = YES;
				GCC_WARN_ABOUT_RETURN_TYPE = YES_ERROR;
				GCC_WARN_UNDECLARED_SELECTOR = YES;
				GCC_WARN_UNINITIALIZED_AUTOS = YES_AGGRESSIVE;
				GCC_WARN_UNUSED_FUNCTION = YES;
				GCC_WARN_UNUSED_VARIABLE = YES;
				IPHONEOS_DEPLOYMENT_TARGET = 12.1;
				MTL_ENABLE_DEBUG_INFO = NO;
				MTL_FAST_MATH = YES;
				SDKROOT = iphoneos;
				SWIFT_COMPILATION_MODE = wholemodule;
				SWIFT_OPTIMIZATION_LEVEL = "-O";
				VALIDATE_PRODUCT = YES;
			};
			name = Release;
		};
		CE901955221D904200BA1B47 /* Debug */ = {
			isa = XCBuildConfiguration;
			baseConfigurationReference = DC4E8E9A19A710987DB9142E /* Pods-NaRogax.debug.xcconfig */;
			buildSettings = {
				ASSETCATALOG_COMPILER_APPICON_NAME = AppIcon;
				CODE_SIGN_STYLE = Automatic;
				INFOPLIST_FILE = NaRogax/Info.plist;
				IPHONEOS_DEPLOYMENT_TARGET = 11.0;
				LD_RUNPATH_SEARCH_PATHS = (
					"$(inherited)",
					"@executable_path/Frameworks",
				);
				PRODUCT_BUNDLE_IDENTIFIER = "com.zappa.tech.Na-Rogax";
				PRODUCT_NAME = "$(TARGET_NAME)";
				SWIFT_VERSION = 4.2;
				TARGETED_DEVICE_FAMILY = "1,2";
			};
			name = Debug;
		};
		CE901956221D904200BA1B47 /* Release */ = {
			isa = XCBuildConfiguration;
			baseConfigurationReference = 4B6D14CE70134C70BB02215F /* Pods-NaRogax.release.xcconfig */;
			buildSettings = {
				ASSETCATALOG_COMPILER_APPICON_NAME = AppIcon;
				CODE_SIGN_STYLE = Automatic;
				INFOPLIST_FILE = NaRogax/Info.plist;
				IPHONEOS_DEPLOYMENT_TARGET = 11.0;
				LD_RUNPATH_SEARCH_PATHS = (
					"$(inherited)",
					"@executable_path/Frameworks",
				);
				PRODUCT_BUNDLE_IDENTIFIER = "com.zappa.tech.Na-Rogax";
				PRODUCT_NAME = "$(TARGET_NAME)";
				SWIFT_VERSION = 4.2;
				TARGETED_DEVICE_FAMILY = "1,2";
			};
			name = Release;
		};
/* End XCBuildConfiguration section */

/* Begin XCConfigurationList section */
		CE90193D221D904100BA1B47 /* Build configuration list for PBXProject "NaRogax" */ = {
			isa = XCConfigurationList;
			buildConfigurations = (
				CE901952221D904200BA1B47 /* Debug */,
				CE901953221D904200BA1B47 /* Release */,
			);
			defaultConfigurationIsVisible = 0;
			defaultConfigurationName = Release;
		};
		CE901954221D904200BA1B47 /* Build configuration list for PBXNativeTarget "NaRogax" */ = {
			isa = XCConfigurationList;
			buildConfigurations = (
				CE901955221D904200BA1B47 /* Debug */,
				CE901956221D904200BA1B47 /* Release */,
			);
			defaultConfigurationIsVisible = 0;
			defaultConfigurationName = Release;
		};
/* End XCConfigurationList section */
	};
	rootObject = CE90193A221D904100BA1B47 /* Project object */;
}
